
Microsoft Visual Studio Solution File, Format Version 12.00
# Visual Studio Version 17
VisualStudioVersion = 17.3.32825.248
MinimumVisualStudioVersion = 10.0.40219.1
Project("{FAE04EC0-301F-11D3-BF4B-00C04F79EFBC}") = "TestProject", "TestProject\TestProject.csproj", "{9CDA00D4-F9A0-4FAC-96DD-A77FB4464420}"
EndProject
Global
	GlobalSection(SolutionConfigurationPlatforms) = preSolution
		Debug|Any CPU = Debug|Any CPU
		Release|Any CPU = Release|Any CPU
	EndGlobalSection
	GlobalSection(ProjectConfigurationPlatforms) = postSolution
		{9CDA00D4-F9A0-4FAC-96DD-A77FB4464420}.Debug|Any CPU.ActiveCfg = Debug|Any CPU
		{9CDA00D4-F9A0-4FAC-96DD-A77FB4464420}.Debug|Any CPU.Build.0 = Debug|Any CPU
		{9CDA00D4-F9A0-4FAC-96DD-A77FB4464420}.Release|Any CPU.ActiveCfg = Release|Any CPU
		{9CDA00D4-F9A0-4FAC-96DD-A77FB4464420}.Release|Any CPU.Build.0 = Release|Any CPU
	EndGlobalSection
	GlobalSection(SolutionProperties) = preSolution
		HideSolutionNode = FALSE
	EndGlobalSection
	GlobalSection(ExtensibilityGlobals) = postSolution
		SolutionGuid = {603F3B04-77A5-45A6-BAF3-F5B278C7EBE3}
	EndGlobalSection
EndGlobal
